
Microsoft Visual Studio Solution File, Format Version 12.00
# Visual Studio Version 17
VisualStudioVersion = 17.8.34525.116
MinimumVisualStudioVersion = 10.0.40219.1
Project("{FAE04EC0-301F-11D3-BF4B-00C04F79EFBC}") = "primer ensa", "primer ensa\primer ensa.csproj", "{6E67F567-016D-4D1C-B0FB-27AC6F304029}"
EndProject
Global
	GlobalSection(SolutionConfigurationPlatforms) = preSolution
		Debug|Any CPU = Debug|Any CPU
		Release|Any CPU = Release|Any CPU
	EndGlobalSection
	GlobalSection(ProjectConfigurationPlatforms) = postSolution
		{6E67F567-016D-4D1C-B0FB-27AC6F304029}.Debug|Any CPU.ActiveCfg = Debug|Any CPU
		{6E67F567-016D-4D1C-B0FB-27AC6F304029}.Debug|Any CPU.Build.0 = Debug|Any CPU
		{6E67F567-016D-4D1C-B0FB-27AC6F304029}.Release|Any CPU.ActiveCfg = Release|Any CPU
		{6E67F567-016D-4D1C-B0FB-27AC6F304029}.Release|Any CPU.Build.0 = Release|Any CPU
	EndGlobalSection
	GlobalSection(SolutionProperties) = preSolution
		HideSolutionNode = FALSE
	EndGlobalSection
	GlobalSection(ExtensibilityGlobals) = postSolution
		SolutionGuid = {523D7C6E-0C4A-4500-B1D8-E85E72629264}
	EndGlobalSection
EndGlobal
